<?xml version="1.0" encoding="utf-8"?>
<Project ToolsVersion="4.0" xmlns="http://schemas.microsoft.com/developer/msbuild/2003">
  <ItemGroup>
    <Filter Include="テストファイル">
      <UniqueIdentifier>{fb13a780-bf50-49a0-824b-f7b7c487b724}</UniqueIdentifier>
    </Filter>
    <Filter Include="tests">
      <UniqueIdentifier>{b3aa4caf-52d7-40ee-85e3-1e273637d7ab}</UniqueIdentifier>
    </Filter>
    <Filter Include="tests\istream_extended">
      <UniqueIdentifier>{2a7075ac-ee99-4c07-a8d2-65e4264a72f5}</UniqueIdentifier>
    </Filter>
    <Filter Include="tests\tokenizer">
      <UniqueIdentifier>{5fc1d187-fa9e-4889-81bc-6e8b85845a45}</UniqueIdentifier>
    </Filter>
    <Filter Include="tests\ipdfstream">
      <UniqueIdentifier>{97fb2060-1ae8-4730-8c4d-a3c0600aa7f8}</UniqueIdentifier>
    </Filter>
    <Filter Include="tests\document_reader">
      <UniqueIdentifier>{55c9ab85-32eb-4dc7-b447-89b0ae22ff1e}</UniqueIdentifier>
    </Filter>
    <Filter Include="tests\contents_parser">
      <UniqueIdentifier>{12af86a8-4ecb-4c9e-aaf6-4294c7351aac}</UniqueIdentifier>
    </Filter>
    <Filter Include="tests\object_stream">
      <UniqueIdentifier>{9a6b326c-6d91-49d5-815c-0b29f7c2131e}</UniqueIdentifier>
    </Filter>
    <Filter Include="tests\object_types">
      <UniqueIdentifier>{91e69be1-7460-43ac-9b29-95f799561825}</UniqueIdentifier>
    </Filter>
    <Filter Include="tools">
      <UniqueIdentifier>{05e8c806-ba24-41ef-9f1f-7bc90e9a70f7}</UniqueIdentifier>
    </Filter>
  </ItemGroup>
  <ItemGroup>
    <None Include="data\helloworld.pdf">
      <Filter>テストファイル</Filter>
    </None>
  </ItemGroup>
  <ItemGroup>
    <ClInclude Include="literal_trim.hpp">
      <Filter>tools</Filter>
    </ClInclude>
    <ClInclude Include="testtool.h">
      <Filter>tools</Filter>
    </ClInclude>
    <ClInclude Include="get_test.cpp">
      <Filter>tests\istream_extended</Filter>
    </ClInclude>
    <ClInclude Include="AssertThrows.hpp">
      <Filter>tools</Filter>
    </ClInclude>
  </ItemGroup>
  <ItemGroup>
    <ClCompile Include="take_trailer_test.cpp">
      <Filter>tests\ipdfstream</Filter>
    </ClCompile>
    <ClCompile Include="take_xref_table_test.cpp">
      <Filter>tests\ipdfstream</Filter>
    </ClCompile>
    <ClCompile Include="take_stream_object_test.cpp">
      <Filter>tests\object_stream</Filter>
    </ClCompile>
    <ClCompile Include="take_array_object_test.cpp">
      <Filter>tests\object_stream</Filter>
    </ClCompile>
    <ClCompile Include="take_boolean_object_test.cpp">
      <Filter>tests\object_stream</Filter>
    </ClCompile>
    <ClCompile Include="take_dictionary_object_test.cpp">
      <Filter>tests\object_stream</Filter>
    </ClCompile>
    <ClCompile Include="take_hexadecimal_string_test.cpp">
      <Filter>tests\object_stream</Filter>
    </ClCompile>
    <ClCompile Include="take_indirect_reference_test.cpp">
      <Filter>tests\object_stream</Filter>
    </ClCompile>
    <ClCompile Include="take_integer_object_test.cpp">
      <Filter>tests\object_stream</Filter>
    </ClCompile>
    <ClCompile Include="take_literal_string_test.cpp">
      <Filter>tests\object_stream</Filter>
    </ClCompile>
    <ClCompile Include="take_name_object_test.cpp">
      <Filter>tests\object_stream</Filter>
    </ClCompile>
    <ClCompile Include="take_null_object_test.cpp">
      <Filter>tests\object_stream</Filter>
    </ClCompile>
    <ClCompile Include="take_real_object_test.cpp">
      <Filter>tests\object_stream</Filter>
    </ClCompile>
    <ClCompile Include="take_object_test.cpp">
      <Filter>tests\object_stream</Filter>
    </ClCompile>
    <ClCompile Include="take_footer_test.cpp">
      <Filter>tests\ipdfstream</Filter>
    </ClCompile>
    <ClCompile Include="literal_trim.cpp">
      <Filter>tools</Filter>
    </ClCompile>
    <ClCompile Include="attempt_test.cpp">
      <Filter>tests\istream_extended</Filter>
    </ClCompile>
    <ClCompile Include="ignore_if_present_test.cpp">
      <Filter>tests\istream_extended</Filter>
    </ClCompile>
    <ClCompile Include="seek_forward_head_of_line_test.cpp">
      <Filter>tests\istream_extended</Filter>
    </ClCompile>
    <ClCompile Include="seek_test.cpp">
      <Filter>tests\istream_extended</Filter>
    </ClCompile>
    <ClCompile Include="seek_to_end_test.cpp">
      <Filter>tests\istream_extended</Filter>
    </ClCompile>
    <ClCompile Include="tell_test.cpp">
      <Filter>tests\istream_extended</Filter>
    </ClCompile>
    <ClCompile Include="eof_test.cpp">
      <Filter>tests\istream_extended</Filter>
    </ClCompile>
    <ClCompile Include="peek_test.cpp">
      <Filter>tests\istream_extended</Filter>
    </ClCompile>
    <ClCompile Include="attempt_token_test.cpp">
      <Filter>tests\tokenizer</Filter>
    </ClCompile>
    <ClCompile Include="promise_token_test.cpp">
      <Filter>tests\tokenizer</Filter>
    </ClCompile>
    <ClCompile Include="take_token_test.cpp">
      <Filter>tests\tokenizer</Filter>
    </ClCompile>
    <ClCompile Include="get_pages_test.cpp">
      <Filter>tests\document_reader</Filter>
    </ClCompile>
    <ClCompile Include="get_contents_test.cpp">
      <Filter>tests\contents_parser</Filter>
    </ClCompile>
    <ClCompile Include="take_indirect_object_test.cpp">
      <Filter>tests\object_stream</Filter>
    </ClCompile>
    <ClCompile Include="length_test.cpp">
      <Filter>tests\istream_extended</Filter>
    </ClCompile>
    <ClCompile Include="promise_test.cpp">
      <Filter>tests\istream_extended</Filter>
    </ClCompile>
    <ClCompile Include="take_xref_entry_test.cpp">
      <Filter>tests\ipdfstream</Filter>
    </ClCompile>
    <ClCompile Include="integer_object_test.cpp">
      <Filter>tests\object_types</Filter>
    </ClCompile>
    <ClCompile Include="onstream_integer_object_test.cpp">
      <Filter>tests\object_types</Filter>
    </ClCompile>
    <ClCompile Include="array_object_test.cpp">
      <Filter>tests\object_types</Filter>
    </ClCompile>
    <ClCompile Include="onstream_array_object_test.cpp">
      <Filter>tests\object_types</Filter>
    </ClCompile>
    <ClCompile Include="dictionary_object_test.cpp">
      <Filter>tests\object_types</Filter>
    </ClCompile>
    <ClCompile Include="onstream_dictionary_object_test.cpp">
      <Filter>tests\object_types</Filter>
    </ClCompile>
    <ClCompile Include="operator++_test.cpp">
      <Filter>tests\istream_extended</Filter>
    </ClCompile>
    <ClCompile Include="no_token.cpp">
      <Filter>tests\tokenizer</Filter>
    </ClCompile>
  </ItemGroup>
</Project>