
Microsoft Visual Studio Solution File, Format Version 12.00
# Visual Studio Version 16
VisualStudioVersion = 16.0.31205.134
MinimumVisualStudioVersion = 10.0.40219.1
Project("{9A19103F-16F7-4668-BE54-9A1E7A4F7556}") = "PDFReader", "PDFReader\PDFReader.csproj", "{909C9C10-A8E4-4866-B8F2-24633D6A80DC}"
EndProject
Project("{F2A71F9B-5D33-465A-A702-920D77279786}") = "PDFReaderModel", "PDFReaderModel\PDFReaderModel.fsproj", "{92CF6541-40C3-4538-BF94-286457F92F6F}"
EndProject
Global
	GlobalSection(SolutionConfigurationPlatforms) = preSolution
		Debug|Any CPU = Debug|Any CPU
		Release|Any CPU = Release|Any CPU
	EndGlobalSection
	GlobalSection(ProjectConfigurationPlatforms) = postSolution
		{909C9C10-A8E4-4866-B8F2-24633D6A80DC}.Debug|Any CPU.ActiveCfg = Debug|Any CPU
		{909C9C10-A8E4-4866-B8F2-24633D6A80DC}.Debug|Any CPU.Build.0 = Debug|Any CPU
		{909C9C10-A8E4-4866-B8F2-24633D6A80DC}.Release|Any CPU.ActiveCfg = Release|Any CPU
		{909C9C10-A8E4-4866-B8F2-24633D6A80DC}.Release|Any CPU.Build.0 = Release|Any CPU
		{92CF6541-40C3-4538-BF94-286457F92F6F}.Debug|Any CPU.ActiveCfg = Debug|Any CPU
		{92CF6541-40C3-4538-BF94-286457F92F6F}.Debug|Any CPU.Build.0 = Debug|Any CPU
		{92CF6541-40C3-4538-BF94-286457F92F6F}.Release|Any CPU.ActiveCfg = Release|Any CPU
		{92CF6541-40C3-4538-BF94-286457F92F6F}.Release|Any CPU.Build.0 = Release|Any CPU
	EndGlobalSection
	GlobalSection(SolutionProperties) = preSolution
		HideSolutionNode = FALSE
	EndGlobalSection
	GlobalSection(ExtensibilityGlobals) = postSolution
		SolutionGuid = {A3025F2D-724A-47EF-B956-012775516176}
	EndGlobalSection
EndGlobal
